
Microsoft Visual Studio Solution File, Format Version 12.00
# Visual Studio Version 17
VisualStudioVersion = 17.9.34616.47
MinimumVisualStudioVersion = 10.0.40219.1
Project("{FAE04EC0-301F-11D3-BF4B-00C04F79EFBC}") = "Kafka.Console", "Kafka.Console\Kafka.Console.csproj", "{F3A92000-4874-4F5E-9DF9-809B9D0F3F8D}"
EndProject
Global
	GlobalSection(SolutionConfigurationPlatforms) = preSolution
		Debug|Any CPU = Debug|Any CPU
		Release|Any CPU = Release|Any CPU
	EndGlobalSection
	GlobalSection(ProjectConfigurationPlatforms) = postSolution
		{F3A92000-4874-4F5E-9DF9-809B9D0F3F8D}.Debug|Any CPU.ActiveCfg = Debug|Any CPU
		{F3A92000-4874-4F5E-9DF9-809B9D0F3F8D}.Debug|Any CPU.Build.0 = Debug|Any CPU
		{F3A92000-4874-4F5E-9DF9-809B9D0F3F8D}.Release|Any CPU.ActiveCfg = Release|Any CPU
		{F3A92000-4874-4F5E-9DF9-809B9D0F3F8D}.Release|Any CPU.Build.0 = Release|Any CPU
	EndGlobalSection
	GlobalSection(SolutionProperties) = preSolution
		HideSolutionNode = FALSE
	EndGlobalSection
	GlobalSection(ExtensibilityGlobals) = postSolution
		SolutionGuid = {E08C90F5-D667-468B-B869-B86ED4BF28D2}
	EndGlobalSection
EndGlobal
